
Microsoft Visual Studio Solution File, Format Version 12.00
# Visual Studio 15
Project("{FAE04EC0-301F-11D3-BF4B-00C04F79EFBC}") = "WelcomeDotNetCoreMac", "WelcomeDotNetCoreMac\WelcomeDotNetCoreMac.csproj", "{7338A9E6-9C6F-48C3-91CD-1D9A31E2A9BA}"
EndProject
Project("{FAE04EC0-301F-11D3-BF4B-00C04F79EFBC}") = "HelloCS", "HelloCS\HelloCS.csproj", "{877F46D6-6C65-43FD-93F9-B92DBD6D1712}"
EndProject
Global
	GlobalSection(SolutionConfigurationPlatforms) = preSolution
		Debug|Any CPU = Debug|Any CPU
		Release|Any CPU = Release|Any CPU
	EndGlobalSection
	GlobalSection(ProjectConfigurationPlatforms) = postSolution
		{7338A9E6-9C6F-48C3-91CD-1D9A31E2A9BA}.Debug|Any CPU.ActiveCfg = Debug|Any CPU
		{7338A9E6-9C6F-48C3-91CD-1D9A31E2A9BA}.Debug|Any CPU.Build.0 = Debug|Any CPU
		{7338A9E6-9C6F-48C3-91CD-1D9A31E2A9BA}.Release|Any CPU.ActiveCfg = Release|Any CPU
		{7338A9E6-9C6F-48C3-91CD-1D9A31E2A9BA}.Release|Any CPU.Build.0 = Release|Any CPU
		{877F46D6-6C65-43FD-93F9-B92DBD6D1712}.Debug|Any CPU.ActiveCfg = Debug|Any CPU
		{877F46D6-6C65-43FD-93F9-B92DBD6D1712}.Debug|Any CPU.Build.0 = Debug|Any CPU
		{877F46D6-6C65-43FD-93F9-B92DBD6D1712}.Release|Any CPU.ActiveCfg = Release|Any CPU
		{877F46D6-6C65-43FD-93F9-B92DBD6D1712}.Release|Any CPU.Build.0 = Release|Any CPU
	EndGlobalSection
EndGlobal
